
Microsoft Visual Studio Solution File, Format Version 12.00
# Visual Studio Version 17
VisualStudioVersion = 17.3.32825.248
MinimumVisualStudioVersion = 10.0.40219.1
Project("{9A19103F-16F7-4668-BE54-9A1E7A4F7556}") = "Application", "Application\Application.csproj", "{9B98D294-9546-4F0A-872E-BEAD60017FE6}"
EndProject
Project("{FAE04EC0-301F-11D3-BF4B-00C04F79EFBC}") = "Infrastructure", "Infrastructure\Infrastructure.csproj", "{2D9D8A43-7370-4486-B6D5-AEAB203F47FF}"
EndProject
Project("{FAE04EC0-301F-11D3-BF4B-00C04F79EFBC}") = "Domain", "Domain\Domain.csproj", "{7A52DF1B-BEE3-4531-9D09-ACD073F54247}"
EndProject
Project("{FAE04EC0-301F-11D3-BF4B-00C04F79EFBC}") = "Core", "Core\Core.csproj", "{D4582F0A-9F99-46B3-ADE2-6E98D68BE69E}"
EndProject
Global
	GlobalSection(SolutionConfigurationPlatforms) = preSolution
		Debug|Any CPU = Debug|Any CPU
		Release|Any CPU = Release|Any CPU
	EndGlobalSection
	GlobalSection(ProjectConfigurationPlatforms) = postSolution
		{9B98D294-9546-4F0A-872E-BEAD60017FE6}.Debug|Any CPU.ActiveCfg = Debug|Any CPU
		{9B98D294-9546-4F0A-872E-BEAD60017FE6}.Debug|Any CPU.Build.0 = Debug|Any CPU
		{9B98D294-9546-4F0A-872E-BEAD60017FE6}.Release|Any CPU.ActiveCfg = Release|Any CPU
		{9B98D294-9546-4F0A-872E-BEAD60017FE6}.Release|Any CPU.Build.0 = Release|Any CPU
		{2D9D8A43-7370-4486-B6D5-AEAB203F47FF}.Debug|Any CPU.ActiveCfg = Debug|Any CPU
		{2D9D8A43-7370-4486-B6D5-AEAB203F47FF}.Debug|Any CPU.Build.0 = Debug|Any CPU
		{2D9D8A43-7370-4486-B6D5-AEAB203F47FF}.Release|Any CPU.ActiveCfg = Release|Any CPU
		{2D9D8A43-7370-4486-B6D5-AEAB203F47FF}.Release|Any CPU.Build.0 = Release|Any CPU
		{7A52DF1B-BEE3-4531-9D09-ACD073F54247}.Debug|Any CPU.ActiveCfg = Debug|Any CPU
		{7A52DF1B-BEE3-4531-9D09-ACD073F54247}.Debug|Any CPU.Build.0 = Debug|Any CPU
		{7A52DF1B-BEE3-4531-9D09-ACD073F54247}.Release|Any CPU.ActiveCfg = Release|Any CPU
		{7A52DF1B-BEE3-4531-9D09-ACD073F54247}.Release|Any CPU.Build.0 = Release|Any CPU
		{D4582F0A-9F99-46B3-ADE2-6E98D68BE69E}.Debug|Any CPU.ActiveCfg = Debug|Any CPU
		{D4582F0A-9F99-46B3-ADE2-6E98D68BE69E}.Debug|Any CPU.Build.0 = Debug|Any CPU
		{D4582F0A-9F99-46B3-ADE2-6E98D68BE69E}.Release|Any CPU.ActiveCfg = Release|Any CPU
		{D4582F0A-9F99-46B3-ADE2-6E98D68BE69E}.Release|Any CPU.Build.0 = Release|Any CPU
	EndGlobalSection
	GlobalSection(SolutionProperties) = preSolution
		HideSolutionNode = FALSE
	EndGlobalSection
	GlobalSection(ExtensibilityGlobals) = postSolution
		SolutionGuid = {EEBAA265-7B01-4F98-A1BE-9CD4348130C4}
	EndGlobalSection
EndGlobal
